// !$*UTF8*$!
{
	archiveVersion = 1;
	classes = {
	};
	objectVersion = 50;
	objects = {

/* Begin PBXBuildFile section */
		5337F9BE209DE6F00046023C /* AppDelegate.m in Sources */ = {isa = PBXBuildFile; fileRef = 5337F9BD209DE6F00046023C /* AppDelegate.m */; };
		5337F9C1209DE6F00046023C /* ViewController.m in Sources */ = {isa = PBXBuildFile; fileRef = 5337F9C0209DE6F00046023C /* ViewController.m */; };
		5337F9C4209DE6F00046023C /* Main.storyboard in Resources */ = {isa = PBXBuildFile; fileRef = 5337F9C2209DE6F00046023C /* Main.storyboard */; };
		5337F9C6209DE6F10046023C /* Assets.xcassets in Resources */ = {isa = PBXBuildFile; fileRef = 5337F9C5209DE6F10046023C /* Assets.xcassets */; };
		5337F9C9209DE6F10046023C /* LaunchScreen.storyboard in Resources */ = {isa = PBXBuildFile; fileRef = 5337F9C7209DE6F10046023C /* LaunchScreen.storyboard */; };
		5337F9CC209DE6F10046023C /* main.m in Sources */ = {isa = PBXBuildFile; fileRef = 5337F9CB209DE6F10046023C /* main.m */; };
		5337FA07209DE7210046023C /* YYTextView.m in Sources */ = {isa = PBXBuildFile; fileRef = 5337F9D4209DE7210046023C /* YYTextView.m */; };
		5337FA08209DE7210046023C /* YYTextMagnifier.m in Sources */ = {isa = PBXBuildFile; fileRef = 5337F9D8209DE7210046023C /* YYTextMagnifier.m */; };
		5337FA09209DE7210046023C /* YYTextContainerView.m in Sources */ = {isa = PBXBuildFile; fileRef = 5337F9DB209DE7210046023C /* YYTextContainerView.m */; };
		5337FA0A209DE7210046023C /* YYTextEffectWindow.m in Sources */ = {isa = PBXBuildFile; fileRef = 5337F9DC209DE7210046023C /* YYTextEffectWindow.m */; };
		5337FA0B209DE7210046023C /* YYTextInput.m in Sources */ = {isa = PBXBuildFile; fileRef = 5337F9DE209DE7210046023C /* YYTextInput.m */; };
		5337FA0C209DE7210046023C /* YYTextLayout.m in Sources */ = {isa = PBXBuildFile; fileRef = 5337F9DF209DE7210046023C /* YYTextLayout.m */; };
		5337FA0D209DE7210046023C /* YYTextLine.m in Sources */ = {isa = PBXBuildFile; fileRef = 5337F9E1209DE7210046023C /* YYTextLine.m */; };
		5337FA0E209DE7210046023C /* YYTextSelectionView.m in Sources */ = {isa = PBXBuildFile; fileRef = 5337F9E2209DE7210046023C /* YYTextSelectionView.m */; };
		5337FA0F209DE7210046023C /* YYTextKeyboardManager.m in Sources */ = {isa = PBXBuildFile; fileRef = 5337F9E5209DE7210046023C /* YYTextKeyboardManager.m */; };
		5337FA10209DE7210046023C /* YYTextDebugOption.m in Sources */ = {isa = PBXBuildFile; fileRef = 5337F9E7209DE7210046023C /* YYTextDebugOption.m */; };
		5337FA11209DE7210046023C /* YYLabel.m in Sources */ = {isa = PBXBuildFile; fileRef = 5337F9E8209DE7210046023C /* YYLabel.m */; };
		5337FA12209DE7210046023C /* YYTextRunDelegate.m in Sources */ = {isa = PBXBuildFile; fileRef = 5337F9EC209DE7210046023C /* YYTextRunDelegate.m */; };
		5337FA13209DE7210046023C /* YYTextParser.m in Sources */ = {isa = PBXBuildFile; fileRef = 5337F9ED209DE7210046023C /* YYTextParser.m */; };
		5337FA14209DE7210046023C /* YYTextAttribute.m in Sources */ = {isa = PBXBuildFile; fileRef = 5337F9F1209DE7210046023C /* YYTextAttribute.m */; };
		5337FA15209DE7210046023C /* YYTextArchiver.m in Sources */ = {isa = PBXBuildFile; fileRef = 5337F9F3209DE7210046023C /* YYTextArchiver.m */; };
		5337FA16209DE7210046023C /* YYTextRubyAnnotation.m in Sources */ = {isa = PBXBuildFile; fileRef = 5337F9F4209DE7210046023C /* YYTextRubyAnnotation.m */; };
		5337FA17209DE7210046023C /* YYTextUtilities.m in Sources */ = {isa = PBXBuildFile; fileRef = 5337F9F7209DE7210046023C /* YYTextUtilities.m */; };
		5337FA18209DE7210046023C /* NSParagraphStyle+YYText.m in Sources */ = {isa = PBXBuildFile; fileRef = 5337F9F8209DE7210046023C /* NSParagraphStyle+YYText.m */; };
		5337FA19209DE7210046023C /* NSAttributedString+YYText.m in Sources */ = {isa = PBXBuildFile; fileRef = 5337F9F9209DE7210046023C /* NSAttributedString+YYText.m */; };
		5337FA1A209DE7210046023C /* UIPasteboard+YYText.m in Sources */ = {isa = PBXBuildFile; fileRef = 5337F9FC209DE7210046023C /* UIPasteboard+YYText.m */; };
		5337FA1B209DE7210046023C /* YYTextTransaction.m in Sources */ = {isa = PBXBuildFile; fileRef = 5337FA00209DE7210046023C /* YYTextTransaction.m */; };
		5337FA1C209DE7210046023C /* UIView+YYText.m in Sources */ = {isa = PBXBuildFile; fileRef = 5337FA01209DE7210046023C /* UIView+YYText.m */; };
		5337FA1D209DE7210046023C /* YYTextAsyncLayer.m in Sources */ = {isa = PBXBuildFile; fileRef = 5337FA04209DE7210046023C /* YYTextAsyncLayer.m */; };
		5337FA1E209DE7210046023C /* YYTextWeakProxy.m in Sources */ = {isa = PBXBuildFile; fileRef = 5337FA05209DE7210046023C /* YYTextWeakProxy.m */; };
/* End PBXBuildFile section */

/* Begin PBXFileReference section */
		5337F9B9209DE6F00046023C /* lookmoreLabel.app */ = {isa = PBXFileReference; explicitFileType = wrapper.application; includeInIndex = 0; path = lookmoreLabel.app; sourceTree = BUILT_PRODUCTS_DIR; };
		5337F9BC209DE6F00046023C /* AppDelegate.h */ = {isa = PBXFileReference; lastKnownFileType = sourcecode.c.h; path = AppDelegate.h; sourceTree = "<group>"; };
		5337F9BD209DE6F00046023C /* AppDelegate.m */ = {isa = PBXFileReference; lastKnownFileType = sourcecode.c.objc; path = AppDelegate.m; sourceTree = "<group>"; };
		5337F9BF209DE6F00046023C /* ViewController.h */ = {isa = PBXFileReference; lastKnownFileType = sourcecode.c.h; path = ViewController.h; sourceTree = "<group>"; };
		5337F9C0209DE6F00046023C /* ViewController.m */ = {isa = PBXFileReference; lastKnownFileType = sourcecode.c.objc; path = ViewController.m; sourceTree = "<group>"; };
		5337F9C3209DE6F00046023C /* Base */ = {isa = PBXFileReference; lastKnownFileType = file.storyboard; name = Base; path = Base.lproj/Main.storyboard; sourceTree = "<group>"; };
		5337F9C5209DE6F10046023C /* Assets.xcassets */ = {isa = PBXFileReference; lastKnownFileType = folder.assetcatalog; path = Assets.xcassets; sourceTree = "<group>"; };
		5337F9C8209DE6F10046023C /* Base */ = {isa = PBXFileReference; lastKnownFileType = file.storyboard; name = Base; path = Base.lproj/LaunchScreen.storyboard; sourceTree = "<group>"; };
		5337F9CA209DE6F10046023C /* Info.plist */ = {isa = PBXFileReference; lastKnownFileType = text.plist.xml; path = Info.plist; sourceTree = "<group>"; };
		5337F9CB209DE6F10046023C /* main.m */ = {isa = PBXFileReference; lastKnownFileType = sourcecode.c.objc; path = main.m; sourceTree = "<group>"; };
		5337F9D3209DE7210046023C /* YYText.h */ = {isa = PBXFileReference; fileEncoding = 4; lastKnownFileType = sourcecode.c.h; path = YYText.h; sourceTree = "<group>"; };
		5337F9D4209DE7210046023C /* YYTextView.m */ = {isa = PBXFileReference; fileEncoding = 4; lastKnownFileType = sourcecode.c.objc; path = YYTextView.m; sourceTree = "<group>"; };
		5337F9D6209DE7210046023C /* YYTextSelectionView.h */ = {isa = PBXFileReference; fileEncoding = 4; lastKnownFileType = sourcecode.c.h; path = YYTextSelectionView.h; sourceTree = "<group>"; };
		5337F9D7209DE7210046023C /* YYTextLine.h */ = {isa = PBXFileReference; fileEncoding = 4; lastKnownFileType = sourcecode.c.h; path = YYTextLine.h; sourceTree = "<group>"; };
		5337F9D8209DE7210046023C /* YYTextMagnifier.m */ = {isa = PBXFileReference; fileEncoding = 4; lastKnownFileType = sourcecode.c.objc; path = YYTextMagnifier.m; sourceTree = "<group>"; };
		5337F9D9209DE7210046023C /* YYTextLayout.h */ = {isa = PBXFileReference; fileEncoding = 4; lastKnownFileType = sourcecode.c.h; path = YYTextLayout.h; sourceTree = "<group>"; };
		5337F9DA209DE7210046023C /* YYTextKeyboardManager.h */ = {isa = PBXFileReference; fileEncoding = 4; lastKnownFileType = sourcecode.c.h; path = YYTextKeyboardManager.h; sourceTree = "<group>"; };
		5337F9DB209DE7210046023C /* YYTextContainerView.m */ = {isa = PBXFileReference; fileEncoding = 4; lastKnownFileType = sourcecode.c.objc; path = YYTextContainerView.m; sourceTree = "<group>"; };
		5337F9DC209DE7210046023C /* YYTextEffectWindow.m */ = {isa = PBXFileReference; fileEncoding = 4; lastKnownFileType = sourcecode.c.objc; path = YYTextEffectWindow.m; sourceTree = "<group>"; };
		5337F9DD209DE7210046023C /* YYTextDebugOption.h */ = {isa = PBXFileReference; fileEncoding = 4; lastKnownFileType = sourcecode.c.h; path = YYTextDebugOption.h; sourceTree = "<group>"; };
		5337F9DE209DE7210046023C /* YYTextInput.m */ = {isa = PBXFileReference; fileEncoding = 4; lastKnownFileType = sourcecode.c.objc; path = YYTextInput.m; sourceTree = "<group>"; };
		5337F9DF209DE7210046023C /* YYTextLayout.m */ = {isa = PBXFileReference; fileEncoding = 4; lastKnownFileType = sourcecode.c.objc; path = YYTextLayout.m; sourceTree = "<group>"; };
		5337F9E0209DE7210046023C /* YYTextMagnifier.h */ = {isa = PBXFileReference; fileEncoding = 4; lastKnownFileType = sourcecode.c.h; path = YYTextMagnifier.h; sourceTree = "<group>"; };
		5337F9E1209DE7210046023C /* YYTextLine.m */ = {isa = PBXFileReference; fileEncoding = 4; lastKnownFileType = sourcecode.c.objc; path = YYTextLine.m; sourceTree = "<group>"; };
		5337F9E2209DE7210046023C /* YYTextSelectionView.m */ = {isa = PBXFileReference; fileEncoding = 4; lastKnownFileType = sourcecode.c.objc; path = YYTextSelectionView.m; sourceTree = "<group>"; };
		5337F9E3209DE7210046023C /* YYTextEffectWindow.h */ = {isa = PBXFileReference; fileEncoding = 4; lastKnownFileType = sourcecode.c.h; path = YYTextEffectWindow.h; sourceTree = "<group>"; };
		5337F9E4209DE7210046023C /* YYTextContainerView.h */ = {isa = PBXFileReference; fileEncoding = 4; lastKnownFileType = sourcecode.c.h; path = YYTextContainerView.h; sourceTree = "<group>"; };
		5337F9E5209DE7210046023C /* YYTextKeyboardManager.m */ = {isa = PBXFileReference; fileEncoding = 4; lastKnownFileType = sourcecode.c.objc; path = YYTextKeyboardManager.m; sourceTree = "<group>"; };
		5337F9E6209DE7210046023C /* YYTextInput.h */ = {isa = PBXFileReference; fileEncoding = 4; lastKnownFileType = sourcecode.c.h; path = YYTextInput.h; sourceTree = "<group>"; };
		5337F9E7209DE7210046023C /* YYTextDebugOption.m */ = {isa = PBXFileReference; fileEncoding = 4; lastKnownFileType = sourcecode.c.objc; path = YYTextDebugOption.m; sourceTree = "<group>"; };
		5337F9E8209DE7210046023C /* YYLabel.m */ = {isa = PBXFileReference; fileEncoding = 4; lastKnownFileType = sourcecode.c.objc; path = YYLabel.m; sourceTree = "<group>"; };
		5337F9E9209DE7210046023C /* YYTextView.h */ = {isa = PBXFileReference; fileEncoding = 4; lastKnownFileType = sourcecode.c.h; path = YYTextView.h; sourceTree = "<group>"; };
		5337F9EB209DE7210046023C /* YYTextAttribute.h */ = {isa = PBXFileReference; fileEncoding = 4; lastKnownFileType = sourcecode.c.h; path = YYTextAttribute.h; sourceTree = "<group>"; };
		5337F9EC209DE7210046023C /* YYTextRunDelegate.m */ = {isa = PBXFileReference; fileEncoding = 4; lastKnownFileType = sourcecode.c.objc; path = YYTextRunDelegate.m; sourceTree = "<group>"; };
		5337F9ED209DE7210046023C /* YYTextParser.m */ = {isa = PBXFileReference; fileEncoding = 4; lastKnownFileType = sourcecode.c.objc; path = YYTextParser.m; sourceTree = "<group>"; };
		5337F9EE209DE7210046023C /* YYTextRubyAnnotation.h */ = {isa = PBXFileReference; fileEncoding = 4; lastKnownFileType = sourcecode.c.h; path = YYTextRubyAnnotation.h; sourceTree = "<group>"; };
		5337F9EF209DE7210046023C /* YYTextArchiver.h */ = {isa = PBXFileReference; fileEncoding = 4; lastKnownFileType = sourcecode.c.h; path = YYTextArchiver.h; sourceTree = "<group>"; };
		5337F9F0209DE7210046023C /* YYTextRunDelegate.h */ = {isa = PBXFileReference; fileEncoding = 4; lastKnownFileType = sourcecode.c.h; path = YYTextRunDelegate.h; sourceTree = "<group>"; };
		5337F9F1209DE7210046023C /* YYTextAttribute.m */ = {isa = PBXFileReference; fileEncoding = 4; lastKnownFileType = sourcecode.c.objc; path = YYTextAttribute.m; sourceTree = "<group>"; };
		5337F9F2209DE7210046023C /* YYTextParser.h */ = {isa = PBXFileReference; fileEncoding = 4; lastKnownFileType = sourcecode.c.h; path = YYTextParser.h; sourceTree = "<group>"; };
		5337F9F3209DE7210046023C /* YYTextArchiver.m */ = {isa = PBXFileReference; fileEncoding = 4; lastKnownFileType = sourcecode.c.objc; path = YYTextArchiver.m; sourceTree = "<group>"; };
		5337F9F4209DE7210046023C /* YYTextRubyAnnotation.m */ = {isa = PBXFileReference; fileEncoding = 4; lastKnownFileType = sourcecode.c.objc; path = YYTextRubyAnnotation.m; sourceTree = "<group>"; };
		5337F9F5209DE7210046023C /* YYLabel.h */ = {isa = PBXFileReference; fileEncoding = 4; lastKnownFileType = sourcecode.c.h; path = YYLabel.h; sourceTree = "<group>"; };
		5337F9F7209DE7210046023C /* YYTextUtilities.m */ = {isa = PBXFileReference; fileEncoding = 4; lastKnownFileType = sourcecode.c.objc; path = YYTextUtilities.m; sourceTree = "<group>"; };
		5337F9F8209DE7210046023C /* NSParagraphStyle+YYText.m */ = {isa = PBXFileReference; fileEncoding = 4; lastKnownFileType = sourcecode.c.objc; path = "NSParagraphStyle+YYText.m"; sourceTree = "<group>"; };
		5337F9F9209DE7210046023C /* NSAttributedString+YYText.m */ = {isa = PBXFileReference; fileEncoding = 4; lastKnownFileType = sourcecode.c.objc; path = "NSAttributedString+YYText.m"; sourceTree = "<group>"; };
		5337F9FA209DE7210046023C /* UIView+YYText.h */ = {isa = PBXFileReference; fileEncoding = 4; lastKnownFileType = sourcecode.c.h; path = "UIView+YYText.h"; sourceTree = "<group>"; };
		5337F9FB209DE7210046023C /* YYTextTransaction.h */ = {isa = PBXFileReference; fileEncoding = 4; lastKnownFileType = sourcecode.c.h; path = YYTextTransaction.h; sourceTree = "<group>"; };
		5337F9FC209DE7210046023C /* UIPasteboard+YYText.m */ = {isa = PBXFileReference; fileEncoding = 4; lastKnownFileType = sourcecode.c.objc; path = "UIPasteboard+YYText.m"; sourceTree = "<group>"; };
		5337F9FD209DE7210046023C /* YYTextWeakProxy.h */ = {isa = PBXFileReference; fileEncoding = 4; lastKnownFileType = sourcecode.c.h; path = YYTextWeakProxy.h; sourceTree = "<group>"; };
		5337F9FE209DE7210046023C /* YYTextAsyncLayer.h */ = {isa = PBXFileReference; fileEncoding = 4; lastKnownFileType = sourcecode.c.h; path = YYTextAsyncLayer.h; sourceTree = "<group>"; };
		5337F9FF209DE7210046023C /* YYTextUtilities.h */ = {isa = PBXFileReference; fileEncoding = 4; lastKnownFileType = sourcecode.c.h; path = YYTextUtilities.h; sourceTree = "<group>"; };
		5337FA00209DE7210046023C /* YYTextTransaction.m */ = {isa = PBXFileReference; fileEncoding = 4; lastKnownFileType = sourcecode.c.objc; path = YYTextTransaction.m; sourceTree = "<group>"; };
		5337FA01209DE7210046023C /* UIView+YYText.m */ = {isa = PBXFileReference; fileEncoding = 4; lastKnownFileType = sourcecode.c.objc; path = "UIView+YYText.m"; sourceTree = "<group>"; };
		5337FA02209DE7210046023C /* NSAttributedString+YYText.h */ = {isa = PBXFileReference; fileEncoding = 4; lastKnownFileType = sourcecode.c.h; path = "NSAttributedString+YYText.h"; sourceTree = "<group>"; };
		5337FA03209DE7210046023C /* NSParagraphStyle+YYText.h */ = {isa = PBXFileReference; fileEncoding = 4; lastKnownFileType = sourcecode.c.h; path = "NSParagraphStyle+YYText.h"; sourceTree = "<group>"; };
		5337FA04209DE7210046023C /* YYTextAsyncLayer.m */ = {isa = PBXFileReference; fileEncoding = 4; lastKnownFileType = sourcecode.c.objc; path = YYTextAsyncLayer.m; sourceTree = "<group>"; };
		5337FA05209DE7210046023C /* YYTextWeakProxy.m */ = {isa = PBXFileReference; fileEncoding = 4; lastKnownFileType = sourcecode.c.objc; path = YYTextWeakProxy.m; sourceTree = "<group>"; };
		5337FA06209DE7210046023C /* UIPasteboard+YYText.h */ = {isa = PBXFileReference; fileEncoding = 4; lastKnownFileType = sourcecode.c.h; path = "UIPasteboard+YYText.h"; sourceTree = "<group>"; };
/* End PBXFileReference section */

/* Begin PBXFrameworksBuildPhase section */
		5337F9B6209DE6F00046023C /* Frameworks */ = {
			isa = PBXFrameworksBuildPhase;
			buildActionMask = 2147483647;
			files = (
			);
			runOnlyForDeploymentPostprocessing = 0;
		};
/* End PBXFrameworksBuildPhase section */

/* Begin PBXGroup section */
		5337F9B0209DE6F00046023C = {
			isa = PBXGroup;
			children = (
				5337F9BB209DE6F00046023C /* lookmoreLabel */,
				5337F9BA209DE6F00046023C /* Products */,
			);
			sourceTree = "<group>";
		};
		5337F9BA209DE6F00046023C /* Products */ = {
			isa = PBXGroup;
			children = (
				5337F9B9209DE6F00046023C /* lookmoreLabel.app */,
			);
			name = Products;
			sourceTree = "<group>";
		};
		5337F9BB209DE6F00046023C /* lookmoreLabel */ = {
			isa = PBXGroup;
			children = (
				5337F9BC209DE6F00046023C /* AppDelegate.h */,
				5337F9BD209DE6F00046023C /* AppDelegate.m */,
				5337F9BF209DE6F00046023C /* ViewController.h */,
				5337F9C0209DE6F00046023C /* ViewController.m */,
				5337F9D2209DE7210046023C /* YYText */,
				5337F9C2209DE6F00046023C /* Main.storyboard */,
				5337F9C5209DE6F10046023C /* Assets.xcassets */,
				5337F9C7209DE6F10046023C /* LaunchScreen.storyboard */,
				5337F9CA209DE6F10046023C /* Info.plist */,
				5337F9CB209DE6F10046023C /* main.m */,
			);
			path = lookmoreLabel;
			sourceTree = "<group>";
		};
		5337F9D2209DE7210046023C /* YYText */ = {
			isa = PBXGroup;
			children = (
				5337F9D3209DE7210046023C /* YYText.h */,
				5337F9D4209DE7210046023C /* YYTextView.m */,
				5337F9D5209DE7210046023C /* Component */,
				5337F9E8209DE7210046023C /* YYLabel.m */,
				5337F9E9209DE7210046023C /* YYTextView.h */,
				5337F9EA209DE7210046023C /* String */,
				5337F9F5209DE7210046023C /* YYLabel.h */,
				5337F9F6209DE7210046023C /* Utility */,
			);
			path = YYText;
			sourceTree = "<group>";
		};
		5337F9D5209DE7210046023C /* Component */ = {
			isa = PBXGroup;
			children = (
				5337F9D6209DE7210046023C /* YYTextSelectionView.h */,
				5337F9D7209DE7210046023C /* YYTextLine.h */,
				5337F9D8209DE7210046023C /* YYTextMagnifier.m */,
				5337F9D9209DE7210046023C /* YYTextLayout.h */,
				5337F9DA209DE7210046023C /* YYTextKeyboardManager.h */,
				5337F9DB209DE7210046023C /* YYTextContainerView.m */,
				5337F9DC209DE7210046023C /* YYTextEffectWindow.m */,
				5337F9DD209DE7210046023C /* YYTextDebugOption.h */,
				5337F9DE209DE7210046023C /* YYTextInput.m */,
				5337F9DF209DE7210046023C /* YYTextLayout.m */,
				5337F9E0209DE7210046023C /* YYTextMagnifier.h */,
				5337F9E1209DE7210046023C /* YYTextLine.m */,
				5337F9E2209DE7210046023C /* YYTextSelectionView.m */,
				5337F9E3209DE7210046023C /* YYTextEffectWindow.h */,
				5337F9E4209DE7210046023C /* YYTextContainerView.h */,
				5337F9E5209DE7210046023C /* YYTextKeyboardManager.m */,
				5337F9E6209DE7210046023C /* YYTextInput.h */,
				5337F9E7209DE7210046023C /* YYTextDebugOption.m */,
			);
			path = Component;
			sourceTree = "<group>";
		};
		5337F9EA209DE7210046023C /* String */ = {
			isa = PBXGroup;
			children = (
				5337F9EB209DE7210046023C /* YYTextAttribute.h */,
				5337F9EC209DE7210046023C /* YYTextRunDelegate.m */,
				5337F9ED209DE7210046023C /* YYTextParser.m */,
				5337F9EE209DE7210046023C /* YYTextRubyAnnotation.h */,
				5337F9EF209DE7210046023C /* YYTextArchiver.h */,
				5337F9F0209DE7210046023C /* YYTextRunDelegate.h */,
				5337F9F1209DE7210046023C /* YYTextAttribute.m */,
				5337F9F2209DE7210046023C /* YYTextParser.h */,
				5337F9F3209DE7210046023C /* YYTextArchiver.m */,
				5337F9F4209DE7210046023C /* YYTextRubyAnnotation.m */,
			);
			path = String;
			sourceTree = "<group>";
		};
		5337F9F6209DE7210046023C /* Utility */ = {
			isa = PBXGroup;
			children = (
				5337F9F7209DE7210046023C /* YYTextUtilities.m */,
				5337F9F8209DE7210046023C /* NSParagraphStyle+YYText.m */,
				5337F9F9209DE7210046023C /* NSAttributedString+YYText.m */,
				5337F9FA209DE7210046023C /* UIView+YYText.h */,
				5337F9FB209DE7210046023C /* YYTextTransaction.h */,
				5337F9FC209DE7210046023C /* UIPasteboard+YYText.m */,
				5337F9FD209DE7210046023C /* YYTextWeakProxy.h */,
				5337F9FE209DE7210046023C /* YYTextAsyncLayer.h */,
				5337F9FF209DE7210046023C /* YYTextUtilities.h */,
				5337FA00209DE7210046023C /* YYTextTransaction.m */,
				5337FA01209DE7210046023C /* UIView+YYText.m */,
				5337FA02209DE7210046023C /* NSAttributedString+YYText.h */,
				5337FA03209DE7210046023C /* NSParagraphStyle+YYText.h */,
				5337FA04209DE7210046023C /* YYTextAsyncLayer.m */,
				5337FA05209DE7210046023C /* YYTextWeakProxy.m */,
				5337FA06209DE7210046023C /* UIPasteboard+YYText.h */,
			);
			path = Utility;
			sourceTree = "<group>";
		};
/* End PBXGroup section */

/* Begin PBXNativeTarget section */
		5337F9B8209DE6F00046023C /* lookmoreLabel */ = {
			isa = PBXNativeTarget;
			buildConfigurationList = 5337F9CF209DE6F10046023C /* Build configuration list for PBXNativeTarget "lookmoreLabel" */;
			buildPhases = (
				5337F9B5209DE6F00046023C /* Sources */,
				5337F9B6209DE6F00046023C /* Frameworks */,
				5337F9B7209DE6F00046023C /* Resources */,
			);
			buildRules = (
			);
			dependencies = (
			);
			name = lookmoreLabel;
			productName = lookmoreLabel;
			productReference = 5337F9B9209DE6F00046023C /* lookmoreLabel.app */;
			productType = "com.apple.product-type.application";
		};
/* End PBXNativeTarget section */

/* Begin PBXProject section */
		5337F9B1209DE6F00046023C /* Project object */ = {
			isa = PBXProject;
			attributes = {
				LastUpgradeCheck = 0930;
				ORGANIZATIONNAME = wangjungang;
				TargetAttributes = {
					5337F9B8209DE6F00046023C = {
						CreatedOnToolsVersion = 9.3;
					};
				};
			};
			buildConfigurationList = 5337F9B4209DE6F00046023C /* Build configuration list for PBXProject "lookmoreLabel" */;
			compatibilityVersion = "Xcode 9.3";
			developmentRegion = en;
			hasScannedForEncodings = 0;
			knownRegions = (
				en,
				Base,
			);
			mainGroup = 5337F9B0209DE6F00046023C;
			productRefGroup = 5337F9BA209DE6F00046023C /* Products */;
			projectDirPath = "";
			projectRoot = "";
			targets = (
				5337F9B8209DE6F00046023C /* lookmoreLabel */,
			);
		};
/* End PBXProject section */

/* Begin PBXResourcesBuildPhase section */
		5337F9B7209DE6F00046023C /* Resources */ = {
			isa = PBXResourcesBuildPhase;
			buildActionMask = 2147483647;
			files = (
				5337F9C9209DE6F10046023C /* LaunchScreen.storyboard in Resources */,
				5337F9C6209DE6F10046023C /* Assets.xcassets in Resources */,
				5337F9C4209DE6F00046023C /* Main.storyboard in Resources */,
			);
			runOnlyForDeploymentPostprocessing = 0;
		};
/* End PBXResourcesBuildPhase section */

/* Begin PBXSourcesBuildPhase section */
		5337F9B5209DE6F00046023C /* Sources */ = {
			isa = PBXSourcesBuildPhase;
			buildActionMask = 2147483647;
			files = (
				5337FA0E209DE7210046023C /* YYTextSelectionView.m in Sources */,
				5337FA1D209DE7210046023C /* YYTextAsyncLayer.m in Sources */,
				5337FA0F209DE7210046023C /* YYTextKeyboardManager.m in Sources */,
				5337FA19209DE7210046023C /* NSAttributedString+YYText.m in Sources */,
				5337FA1B209DE7210046023C /* YYTextTransaction.m in Sources */,
				5337FA0C209DE7210046023C /* YYTextLayout.m in Sources */,
				5337F9C1209DE6F00046023C /* ViewController.m in Sources */,
				5337FA1E209DE7210046023C /* YYTextWeakProxy.m in Sources */,
				5337FA16209DE7210046023C /* YYTextRubyAnnotation.m in Sources */,
				5337FA12209DE7210046023C /* YYTextRunDelegate.m in Sources */,
				5337FA11209DE7210046023C /* YYLabel.m in Sources */,
				5337FA0D209DE7210046023C /* YYTextLine.m in Sources */,
				5337FA09209DE7210046023C /* YYTextContainerView.m in Sources */,
				5337FA18209DE7210046023C /* NSParagraphStyle+YYText.m in Sources */,
				5337FA07209DE7210046023C /* YYTextView.m in Sources */,
				5337FA1A209DE7210046023C /* UIPasteboard+YYText.m in Sources */,
				5337FA14209DE7210046023C /* YYTextAttribute.m in Sources */,
				5337FA17209DE7210046023C /* YYTextUtilities.m in Sources */,
				5337FA15209DE7210046023C /* YYTextArchiver.m in Sources */,
				5337FA08209DE7210046023C /* YYTextMagnifier.m in Sources */,
				5337F9CC209DE6F10046023C /* main.m in Sources */,
				5337F9BE209DE6F00046023C /* AppDelegate.m in Sources */,
				5337FA0A209DE7210046023C /* YYTextEffectWindow.m in Sources */,
				5337FA13209DE7210046023C /* YYTextParser.m in Sources */,
				5337FA0B209DE7210046023C /* YYTextInput.m in Sources */,
				5337FA1C209DE7210046023C /* UIView+YYText.m in Sources */,
				5337FA10209DE7210046023C /* YYTextDebugOption.m in Sources */,
			);
			runOnlyForDeploymentPostprocessing = 0;
		};
/* End PBXSourcesBuildPhase section */

/* Begin PBXVariantGroup section */
		5337F9C2209DE6F00046023C /* Main.storyboard */ = {
			isa = PBXVariantGroup;
			children = (
				5337F9C3209DE6F00046023C /* Base */,
			);
			name = Main.storyboard;
			sourceTree = "<group>";
		};
		5337F9C7209DE6F10046023C /* LaunchScreen.storyboard */ = {
			isa = PBXVariantGroup;
			children = (
				5337F9C8209DE6F10046023C /* Base */,
			);
			name = LaunchScreen.storyboard;
			sourceTree = "<group>";
		};
/* End PBXVariantGroup section */

/* Begin XCBuildConfiguration section */
		5337F9CD209DE6F10046023C /* Debug */ = {
			isa = XCBuildConfiguration;
			buildSettings = {
				ALWAYS_SEARCH_USER_PATHS = NO;
				CLANG_ANALYZER_NONNULL = YES;
				CLANG_ANALYZER_NUMBER_OBJECT_CONVERSION = YES_AGGRESSIVE;
				CLANG_CXX_LANGUAGE_STANDARD = "gnu++14";
				CLANG_CXX_LIBRARY = "libc++";
				CLANG_ENABLE_MODULES = YES;
				CLANG_ENABLE_OBJC_ARC = YES;
				CLANG_ENABLE_OBJC_WEAK = YES;
				CLANG_WARN_BLOCK_CAPTURE_AUTORELEASING = YES;
				CLANG_WARN_BOOL_CONVERSION = YES;
				CLANG_WARN_COMMA = YES;
				CLANG_WARN_CONSTANT_CONVERSION = YES;
				CLANG_WARN_DEPRECATED_OBJC_IMPLEMENTATIONS = YES;
				CLANG_WARN_DIRECT_OBJC_ISA_USAGE = YES_ERROR;
				CLANG_WARN_DOCUMENTATION_COMMENTS = YES;
				CLANG_WARN_EMPTY_BODY = YES;
				CLANG_WARN_ENUM_CONVERSION = YES;
				CLANG_WARN_INFINITE_RECURSION = YES;
				CLANG_WARN_INT_CONVERSION = YES;
				CLANG_WARN_NON_LITERAL_NULL_CONVERSION = YES;
				CLANG_WARN_OBJC_IMPLICIT_RETAIN_SELF = YES;
				CLANG_WARN_OBJC_LITERAL_CONVERSION = YES;
				CLANG_WARN_OBJC_ROOT_CLASS = YES_ERROR;
				CLANG_WARN_RANGE_LOOP_ANALYSIS = YES;
				CLANG_WARN_STRICT_PROTOTYPES = YES;
				CLANG_WARN_SUSPICIOUS_MOVE = YES;
				CLANG_WARN_UNGUARDED_AVAILABILITY = YES_AGGRESSIVE;
				CLANG_WARN_UNREACHABLE_CODE = YES;
				CLANG_WARN__DUPLICATE_METHOD_MATCH = YES;
				CODE_SIGN_IDENTITY = "iPhone Developer";
				COPY_PHASE_STRIP = NO;
				DEBUG_INFORMATION_FORMAT = dwarf;
				ENABLE_STRICT_OBJC_MSGSEND = YES;
				ENABLE_TESTABILITY = YES;
				GCC_C_LANGUAGE_STANDARD = gnu11;
				GCC_DYNAMIC_NO_PIC = NO;
				GCC_NO_COMMON_BLOCKS = YES;
				GCC_OPTIMIZATION_LEVEL = 0;
				GCC_PREPROCESSOR_DEFINITIONS = (
					"DEBUG=1",
					"$(inherited)",
				);
				GCC_WARN_64_TO_32_BIT_CONVERSION = YES;
				GCC_WARN_ABOUT_RETURN_TYPE = YES_ERROR;
				GCC_WARN_UNDECLARED_SELECTOR = YES;
				GCC_WARN_UNINITIALIZED_AUTOS = YES_AGGRESSIVE;
				GCC_WARN_UNUSED_FUNCTION = YES;
				GCC_WARN_UNUSED_VARIABLE = YES;
				IPHONEOS_DEPLOYMENT_TARGET = 11.3;
				MTL_ENABLE_DEBUG_INFO = YES;
				ONLY_ACTIVE_ARCH = YES;
				SDKROOT = iphoneos;
			};
			name = Debug;
		};
		5337F9CE209DE6F10046023C /* Release */ = {
			isa = XCBuildConfiguration;
			buildSettings = {
				ALWAYS_SEARCH_USER_PATHS = NO;
				CLANG_ANALYZER_NONNULL = YES;
				CLANG_ANALYZER_NUMBER_OBJECT_CONVERSION = YES_AGGRESSIVE;
				CLANG_CXX_LANGUAGE_STANDARD = "gnu++14";
				CLANG_CXX_LIBRARY = "libc++";
				CLANG_ENABLE_MODULES = YES;
				CLANG_ENABLE_OBJC_ARC = YES;
				CLANG_ENABLE_OBJC_WEAK = YES;
				CLANG_WARN_BLOCK_CAPTURE_AUTORELEASING = YES;
				CLANG_WARN_BOOL_CONVERSION = YES;
				CLANG_WARN_COMMA = YES;
				CLANG_WARN_CONSTANT_CONVERSION = YES;
				CLANG_WARN_DEPRECATED_OBJC_IMPLEMENTATIONS = YES;
				CLANG_WARN_DIRECT_OBJC_ISA_USAGE = YES_ERROR;
				CLANG_WARN_DOCUMENTATION_COMMENTS = YES;
				CLANG_WARN_EMPTY_BODY = YES;
				CLANG_WARN_ENUM_CONVERSION = YES;
				CLANG_WARN_INFINITE_RECURSION = YES;
				CLANG_WARN_INT_CONVERSION = YES;
				CLANG_WARN_NON_LITERAL_NULL_CONVERSION = YES;
				CLANG_WARN_OBJC_IMPLICIT_RETAIN_SELF = YES;
				CLANG_WARN_OBJC_LITERAL_CONVERSION = YES;
				CLANG_WARN_OBJC_ROOT_CLASS = YES_ERROR;
				CLANG_WARN_RANGE_LOOP_ANALYSIS = YES;
				CLANG_WARN_STRICT_PROTOTYPES = YES;
				CLANG_WARN_SUSPICIOUS_MOVE = YES;
				CLANG_WARN_UNGUARDED_AVAILABILITY = YES_AGGRESSIVE;
				CLANG_WARN_UNREACHABLE_CODE = YES;
				CLANG_WARN__DUPLICATE_METHOD_MATCH = YES;
				CODE_SIGN_IDENTITY = "iPhone Developer";
				COPY_PHASE_STRIP = NO;
				DEBUG_INFORMATION_FORMAT = "dwarf-with-dsym";
				ENABLE_NS_ASSERTIONS = NO;
				ENABLE_STRICT_OBJC_MSGSEND = YES;
				GCC_C_LANGUAGE_STANDARD = gnu11;
				GCC_NO_COMMON_BLOCKS = YES;
				GCC_WARN_64_TO_32_BIT_CONVERSION = YES;
				GCC_WARN_ABOUT_RETURN_TYPE = YES_ERROR;
				GCC_WARN_UNDECLARED_SELECTOR = YES;
				GCC_WARN_UNINITIALIZED_AUTOS = YES_AGGRESSIVE;
				GCC_WARN_UNUSED_FUNCTION = YES;
				GCC_WARN_UNUSED_VARIABLE = YES;
				IPHONEOS_DEPLOYMENT_TARGET = 11.3;
				MTL_ENABLE_DEBUG_INFO = NO;
				SDKROOT = iphoneos;
				VALIDATE_PRODUCT = YES;
			};
			name = Release;
		};
		5337F9D0209DE6F10046023C /* Debug */ = {
			isa = XCBuildConfiguration;
			buildSettings = {
				ASSETCATALOG_COMPILER_APPICON_NAME = AppIcon;
				CODE_SIGN_STYLE = Automatic;
				DEVELOPMENT_TEAM = 3637W6NRU9;
				INFOPLIST_FILE = lookmoreLabel/Info.plist;
				LD_RUNPATH_SEARCH_PATHS = (
					"$(inherited)",
					"@executable_path/Frameworks",
				);
				PRODUCT_BUNDLE_IDENTIFIER = com.wangjungang.lookmoreLabel;
				PRODUCT_NAME = "$(TARGET_NAME)";
				TARGETED_DEVICE_FAMILY = "1,2";
			};
			name = Debug;
		};
		5337F9D1209DE6F10046023C /* Release */ = {
			isa = XCBuildConfiguration;
			buildSettings = {
				ASSETCATALOG_COMPILER_APPICON_NAME = AppIcon;
				CODE_SIGN_STYLE = Automatic;
				DEVELOPMENT_TEAM = 3637W6NRU9;
				INFOPLIST_FILE = lookmoreLabel/Info.plist;
				LD_RUNPATH_SEARCH_PATHS = (
					"$(inherited)",
					"@executable_path/Frameworks",
				);
				PRODUCT_BUNDLE_IDENTIFIER = com.wangjungang.lookmoreLabel;
				PRODUCT_NAME = "$(TARGET_NAME)";
				TARGETED_DEVICE_FAMILY = "1,2";
			};
			name = Release;
		};
/* End XCBuildConfiguration section */

/* Begin XCConfigurationList section */
		5337F9B4209DE6F00046023C /* Build configuration list for PBXProject "lookmoreLabel" */ = {
			isa = XCConfigurationList;
			buildConfigurations = (
				5337F9CD209DE6F10046023C /* Debug */,
				5337F9CE209DE6F10046023C /* Release */,
			);
			defaultConfigurationIsVisible = 0;
			defaultConfigurationName = Release;
		};
		5337F9CF209DE6F10046023C /* Build configuration list for PBXNativeTarget "lookmoreLabel" */ = {
			isa = XCConfigurationList;
			buildConfigurations = (
				5337F9D0209DE6F10046023C /* Debug */,
				5337F9D1209DE6F10046023C /* Release */,
			);
			defaultConfigurationIsVisible = 0;
			defaultConfigurationName = Release;
		};
/* End XCConfigurationList section */
	};
	rootObject = 5337F9B1209DE6F00046023C /* Project object */;
}
